
Microsoft Visual Studio Solution File, Format Version 12.00
# Visual Studio Version 17
VisualStudioVersion = 17.5.002.0
MinimumVisualStudioVersion = 10.0.40219.1
Project("{2150E333-8FDC-42A3-9474-1A3956D46DE8}") = "demos", "demos", "{D58E8D58-C67B-49C9-8311-B6051ADE19A5}"
EndProject
Project("{2150E333-8FDC-42A3-9474-1A3956D46DE8}") = "dotnet", "dotnet", "{339A542D-D08F-496F-BA41-0E1B0FC3DC9E}"
EndProject
Project("{9A19103F-16F7-4668-BE54-9A1E7A4F7556}") = "Playground", "demos\dotnet\Playground\Playground.csproj", "{C2B59BBD-BF08-456B-9419-8741F95C3478}"
EndProject
Global
	GlobalSection(SolutionConfigurationPlatforms) = preSolution
		Debug|Any CPU = Debug|Any CPU
		Release|Any CPU = Release|Any CPU
	EndGlobalSection
	GlobalSection(ProjectConfigurationPlatforms) = postSolution
		{C2B59BBD-BF08-456B-9419-8741F95C3478}.Debug|Any CPU.ActiveCfg = Debug|Any CPU
		{C2B59BBD-BF08-456B-9419-8741F95C3478}.Debug|Any CPU.Build.0 = Debug|Any CPU
		{C2B59BBD-BF08-456B-9419-8741F95C3478}.Release|Any CPU.ActiveCfg = Release|Any CPU
		{C2B59BBD-BF08-456B-9419-8741F95C3478}.Release|Any CPU.Build.0 = Release|Any CPU
	EndGlobalSection
	GlobalSection(SolutionProperties) = preSolution
		HideSolutionNode = FALSE
	EndGlobalSection
	GlobalSection(NestedProjects) = preSolution
		{339A542D-D08F-496F-BA41-0E1B0FC3DC9E} = {D58E8D58-C67B-49C9-8311-B6051ADE19A5}
		{C2B59BBD-BF08-456B-9419-8741F95C3478} = {339A542D-D08F-496F-BA41-0E1B0FC3DC9E}
	EndGlobalSection
	GlobalSection(ExtensibilityGlobals) = postSolution
		SolutionGuid = {DB33C456-4EFD-42B6-A239-F569F4AEF7CB}
	EndGlobalSection
EndGlobal
